{
  "version": 4,
  "terraform_version": "1.9.0",
  "serial": 178,
  "lineage": "c6348c15-0eed-9125-c705-f0c7f6165366",
  "outputs": {},
  "resources": [
    {
      "mode": "managed",
      "type": "aws_api_gateway_rest_api",
      "name": "spotify_api",
      "provider": "provider[\"registry.terraform.io/hashicorp/aws\"]",
      "instances": [
        {
          "schema_version": 0,
          "attributes": {
            "api_key_source": "HEADER",
            "arn": "arn:aws:apigateway:us-east-2::/restapis/m9okg6o5d7",
            "binary_media_types": [],
            "body": "{\r\n    \"openapi\": \"3.0.1\",\r\n    \"info\": {\r\n      \"title\": \"Spotify Song of the Day\",\r\n      \"version\": \"1.0.0\"\r\n    },\r\n    \"paths\": {\r\n      \"/spotifysongoftheday\": {\r\n        \"get\": {\r\n          \"responses\": {\r\n            \"200\": {\r\n              \"description\": \"A successful response\",\r\n              \"content\": {\r\n                \"application/json\": {\r\n                  \"schema\": {\r\n                    \"type\": \"string\"\r\n                  }\r\n                }\r\n              }\r\n            }\r\n          }\r\n        },\r\n        \"post\": {\r\n          \"responses\": {\r\n            \"200\": {\r\n              \"description\": \"A successful response\",\r\n              \"content\": {\r\n                \"application/json\": {\r\n                  \"schema\": {\r\n                    \"type\": \"string\"\r\n                  }\r\n                }\r\n              }\r\n            }\r\n          }\r\n        }\r\n      }\r\n    }\r\n  }\r\n  ",
            "created_date": "2024-07-24T21:41:42Z",
            "description": "API Gateway for Spotify Song of the Day",
            "disable_execute_api_endpoint": false,
            "endpoint_configuration": [
              {
                "types": [
                  "EDGE"
                ],
                "vpc_endpoint_ids": []
              }
            ],
            "execution_arn": "arn:aws:execute-api:us-east-2:109846801402:m9okg6o5d7",
            "fail_on_warnings": null,
            "id": "m9okg6o5d7",
            "minimum_compression_size": "",
            "name": "SpotifySongOfTheDayAPI",
            "parameters": null,
            "policy": "",
            "put_rest_api_mode": null,
            "root_resource_id": "s1i1acxen7",
            "tags": {},
            "tags_all": {
              "service": "spotifysongoftheday"
            }
          },
          "sensitive_attributes": [],
          "private": "bnVsbA=="
        }
      ]
    },
    {
      "mode": "managed",
      "type": "aws_cloudfront_distribution",
      "name": "s3_distribution",
      "provider": "provider[\"registry.terraform.io/hashicorp/aws\"]",
      "instances": [
        {
          "schema_version": 1,
          "attributes": {
            "aliases": [],
            "arn": "arn:aws:cloudfront::109846801402:distribution/EVDZ1TBX7L3GR",
            "caller_reference": "terraform-20240722215611756800000001",
            "comment": "CloudFront distribution for my S3 bucket",
            "continuous_deployment_policy_id": "",
            "custom_error_response": [
              {
                "error_caching_min_ttl": 300,
                "error_code": 403,
                "response_code": 200,
                "response_page_path": "/index.html"
              },
              {
                "error_caching_min_ttl": 300,
                "error_code": 404,
                "response_code": 200,
                "response_page_path": "/index.html"
              }
            ],
            "default_cache_behavior": [
              {
                "allowed_methods": [
                  "DELETE",
                  "GET",
                  "HEAD",
                  "OPTIONS",
                  "PATCH",
                  "POST",
                  "PUT"
                ],
                "cache_policy_id": "",
                "cached_methods": [
                  "GET",
                  "HEAD"
                ],
                "compress": true,
                "default_ttl": 0,
                "field_level_encryption_id": "",
                "forwarded_values": [
                  {
                    "cookies": [
                      {
                        "forward": "none",
                        "whitelisted_names": []
                      }
                    ],
                    "headers": [],
                    "query_string": false,
                    "query_string_cache_keys": []
                  }
                ],
                "function_association": [],
                "lambda_function_association": [],
                "max_ttl": 0,
                "min_ttl": 0,
                "origin_request_policy_id": "",
                "realtime_log_config_arn": "",
                "response_headers_policy_id": "",
                "smooth_streaming": false,
                "target_origin_id": "E3QER801GYBDKS",
                "trusted_key_groups": [],
                "trusted_signers": [],
                "viewer_protocol_policy": "https-only"
              }
            ],
            "default_root_object": "index.html",
            "domain_name": "d2fd856v8ttd1y.cloudfront.net",
            "enabled": true,
            "etag": "E206B9N067WBNY",
            "hosted_zone_id": "Z2FDTNDATAQYW2",
            "http_version": "http2",
            "id": "EVDZ1TBX7L3GR",
            "in_progress_validation_batches": 0,
            "is_ipv6_enabled": true,
            "last_modified_time": "2024-07-22 21:56:12.036 +0000 UTC",
            "logging_config": [],
            "ordered_cache_behavior": [],
            "origin": [
              {
                "connection_attempts": 3,
                "connection_timeout": 10,
                "custom_header": [],
                "custom_origin_config": [],
                "domain_name": "spotify-song-of-the-day-deployment-bucket.s3.amazonaws.com",
                "origin_access_control_id": "",
                "origin_id": "E3QER801GYBDKS",
                "origin_path": "",
                "origin_shield": [],
                "s3_origin_config": [
                  {
                    "origin_access_identity": "origin-access-identity/cloudfront/E3QER801GYBDKS"
                  }
                ]
              }
            ],
            "origin_group": [],
            "price_class": "PriceClass_All",
            "restrictions": [
              {
                "geo_restriction": [
                  {
                    "locations": [],
                    "restriction_type": "none"
                  }
                ]
              }
            ],
            "retain_on_delete": false,
            "staging": false,
            "status": "Deployed",
            "tags": {
              "Name": "S3-CloudFront-Distribution"
            },
            "tags_all": {
              "Name": "S3-CloudFront-Distribution",
              "service": "spotifysongoftheday"
            },
            "trusted_key_groups": [
              {
                "enabled": false,
                "items": []
              }
            ],
            "trusted_signers": [
              {
                "enabled": false,
                "items": []
              }
            ],
            "viewer_certificate": [
              {
                "acm_certificate_arn": "",
                "cloudfront_default_certificate": true,
                "iam_certificate_id": "",
                "minimum_protocol_version": "TLSv1",
                "ssl_support_method": ""
              }
            ],
            "wait_for_deployment": true,
            "web_acl_id": ""
          },
          "sensitive_attributes": [],
          "private": "eyJzY2hlbWFfdmVyc2lvbiI6IjEifQ==",
          "dependencies": [
            "aws_cloudfront_origin_access_identity.ui_origin_id_new",
            "aws_s3_bucket.spotifysongoftheday_deployment_bucket"
          ]
        }
      ]
    },
    {
      "mode": "managed",
      "type": "aws_cloudfront_origin_access_identity",
      "name": "ui_origin_id_new",
      "provider": "provider[\"registry.terraform.io/hashicorp/aws\"]",
      "instances": [
        {
          "schema_version": 0,
          "attributes": {
            "caller_reference": "terraform-20240715152123078700000001",
            "cloudfront_access_identity_path": "origin-access-identity/cloudfront/E3QER801GYBDKS",
            "comment": "origin-access-id-for-spotifysongoftheday",
            "etag": "ENOA0SJKSN09Y",
            "iam_arn": "arn:aws:iam::cloudfront:user/CloudFront Origin Access Identity E3QER801GYBDKS",
            "id": "E3QER801GYBDKS",
            "s3_canonical_user_id": "b100c1c3a170a7103addf6f53a088731dfb1b18bdf6730237d5eee22cbad8a53f00e353ff3e17f84abefdf2db0ac6fe5"
          },
          "sensitive_attributes": [],
          "private": "bnVsbA=="
        }
      ]
    },
    {
      "mode": "managed",
      "type": "aws_s3_bucket",
      "name": "spotifysongoftheday_deployment_bucket",
      "provider": "provider[\"registry.terraform.io/hashicorp/aws\"]",
      "instances": [
        {
          "schema_version": 0,
          "attributes": {
            "acceleration_status": "",
            "acl": null,
            "arn": "arn:aws:s3:::spotify-song-of-the-day-deployment-bucket",
            "bucket": "spotify-song-of-the-day-deployment-bucket",
            "bucket_domain_name": "spotify-song-of-the-day-deployment-bucket.s3.amazonaws.com",
            "bucket_prefix": "",
            "bucket_regional_domain_name": "spotify-song-of-the-day-deployment-bucket.s3.us-east-2.amazonaws.com",
            "cors_rule": [],
            "force_destroy": false,
            "grant": [
              {
                "id": "a1cb6f30427a613f755192e9cc956dfec40b70b0de20241c0cd1012d2d5d8eb5",
                "permissions": [
                  "FULL_CONTROL"
                ],
                "type": "CanonicalUser",
                "uri": ""
              }
            ],
            "hosted_zone_id": "Z2O1EMRO9K5GLX",
            "id": "spotify-song-of-the-day-deployment-bucket",
            "lifecycle_rule": [],
            "logging": [],
            "object_lock_configuration": [],
            "object_lock_enabled": false,
            "policy": "{\"Statement\":[{\"Action\":\"s3:GetObject\",\"Effect\":\"Allow\",\"Principal\":\"*\",\"Resource\":\"arn:aws:s3:::spotify-song-of-the-day-deployment-bucket/*\"}],\"Version\":\"2012-10-17\"}",
            "region": "us-east-2",
            "replication_configuration": [],
            "request_payer": "BucketOwner",
            "server_side_encryption_configuration": [
              {
                "rule": [
                  {
                    "apply_server_side_encryption_by_default": [
                      {
                        "kms_master_key_id": "",
                        "sse_algorithm": "AES256"
                      }
                    ],
                    "bucket_key_enabled": false
                  }
                ]
              }
            ],
            "tags": {
              "Name": "Spotify Song of the Day Deployment Bucket",
              "service": "spotifysongoftheday"
            },
            "tags_all": {
              "Name": "Spotify Song of the Day Deployment Bucket",
              "service": "spotifysongoftheday"
            },
            "timeouts": null,
            "versioning": [
              {
                "enabled": false,
                "mfa_delete": false
              }
            ],
            "website": [
              {
                "error_document": "index.html",
                "index_document": "index.html",
                "redirect_all_requests_to": "",
                "routing_rules": ""
              }
            ],
            "website_domain": "s3-website.us-east-2.amazonaws.com",
            "website_endpoint": "spotify-song-of-the-day-deployment-bucket.s3-website.us-east-2.amazonaws.com"
          },
          "sensitive_attributes": [],
          "private": "eyJlMmJmYjczMC1lY2FhLTExZTYtOGY4OC0zNDM2M2JjN2M0YzAiOnsiY3JlYXRlIjoxMjAwMDAwMDAwMDAwLCJkZWxldGUiOjM2MDAwMDAwMDAwMDAsInJlYWQiOjEyMDAwMDAwMDAwMDAsInVwZGF0ZSI6MTIwMDAwMDAwMDAwMH19"
        }
      ]
    },
    {
      "mode": "managed",
      "type": "aws_s3_bucket_policy",
      "name": "public_bucket_policy",
      "provider": "provider[\"registry.terraform.io/hashicorp/aws\"]",
      "instances": [
        {
          "schema_version": 0,
          "attributes": {
            "bucket": "spotify-song-of-the-day-deployment-bucket",
            "id": "spotify-song-of-the-day-deployment-bucket",
            "policy": "{\"Statement\":[{\"Action\":\"s3:GetObject\",\"Effect\":\"Allow\",\"Principal\":\"*\",\"Resource\":\"arn:aws:s3:::spotify-song-of-the-day-deployment-bucket/*\"}],\"Version\":\"2012-10-17\"}"
          },
          "sensitive_attributes": [],
          "private": "bnVsbA==",
          "dependencies": [
            "aws_s3_bucket.spotifysongoftheday_deployment_bucket"
          ]
        }
      ]
    },
    {
      "mode": "managed",
      "type": "aws_s3_bucket_public_access_block",
      "name": "website_bucket_public_access",
      "provider": "provider[\"registry.terraform.io/hashicorp/aws\"]",
      "instances": [
        {
          "schema_version": 0,
          "attributes": {
            "block_public_acls": false,
            "block_public_policy": false,
            "bucket": "spotify-song-of-the-day-deployment-bucket",
            "id": "spotify-song-of-the-day-deployment-bucket",
            "ignore_public_acls": false,
            "restrict_public_buckets": false
          },
          "sensitive_attributes": [],
          "private": "bnVsbA==",
          "dependencies": [
            "aws_s3_bucket.spotifysongoftheday_deployment_bucket"
          ]
        }
      ]
    },
    {
      "mode": "managed",
      "type": "aws_s3_bucket_website_configuration",
      "name": "website_configuration",
      "provider": "provider[\"registry.terraform.io/hashicorp/aws\"]",
      "instances": [
        {
          "schema_version": 0,
          "attributes": {
            "bucket": "spotify-song-of-the-day-deployment-bucket",
            "error_document": [
              {
                "key": "index.html"
              }
            ],
            "expected_bucket_owner": "",
            "id": "spotify-song-of-the-day-deployment-bucket",
            "index_document": [
              {
                "suffix": "index.html"
              }
            ],
            "redirect_all_requests_to": [],
            "routing_rule": [],
            "routing_rules": "",
            "website_domain": "s3-website.us-east-2.amazonaws.com",
            "website_endpoint": "spotify-song-of-the-day-deployment-bucket.s3-website.us-east-2.amazonaws.com"
          },
          "sensitive_attributes": [],
          "private": "bnVsbA==",
          "dependencies": [
            "aws_s3_bucket.spotifysongoftheday_deployment_bucket"
          ]
        }
      ]
    },
    {
      "mode": "managed",
      "type": "null_resource",
      "name": "upload_site_to_s3_bucket",
      "provider": "provider[\"registry.terraform.io/hashicorp/null\"]",
      "instances": [
        {
          "schema_version": 0,
          "attributes": {
            "id": "744204939",
            "triggers": {
              "always_run": "2024-07-29T15:56:01Z"
            }
          },
          "sensitive_attributes": [],
          "dependencies": [
            "aws_cloudfront_distribution.s3_distribution",
            "aws_cloudfront_origin_access_identity.ui_origin_id_new",
            "aws_s3_bucket.spotifysongoftheday_deployment_bucket"
          ]
        }
      ]
    }
  ],
  "check_results": null
}
