{
  "version": 4,
  "terraform_version": "1.9.0",
  "serial": 324,
  "lineage": "c6348c15-0eed-9125-c705-f0c7f6165366",
  "outputs": {},
  "resources": [
    {
      "mode": "managed",
      "type": "aws_api_gateway_api_key",
      "name": "spotifysongoftheday_api_key",
      "provider": "provider[\"registry.terraform.io/hashicorp/aws\"]",
      "instances": [
        {
          "schema_version": 0,
          "attributes": {
            "arn": "arn:aws:apigateway:us-east-2::/apikeys/7ja7vj3s78",
            "created_date": "2024-07-29T21:47:06Z",
            "customer_id": "",
            "description": "Key",
            "enabled": true,
            "id": "7ja7vj3s78",
            "last_updated_date": "2024-07-29T21:47:06Z",
            "name": "spotifysongoftheday_api_key",
            "tags": {},
            "tags_all": {
              "service": "spotifysongoftheday"
            },
            "value": "cb9c32afc8814a2e7bdabaafffb0f5cc"
          },
          "sensitive_attributes": [
            [
              {
                "type": "get_attr",
                "value": "value"
              }
            ]
          ],
          "private": "bnVsbA==",
          "dependencies": [
            "aws_s3_bucket.spotifysongoftheday_deployment_bucket"
          ],
          "create_before_destroy": true
        }
      ]
    },
    {
      "mode": "managed",
      "type": "aws_api_gateway_deployment",
      "name": "spotifysongoftheday_api_deployment",
      "provider": "provider[\"registry.terraform.io/hashicorp/aws\"]",
      "instances": [
        {
          "schema_version": 0,
          "attributes": {
            "canary_settings": [],
            "created_date": "2024-08-14T19:53:50Z",
            "description": "",
            "execution_arn": "arn:aws:execute-api:us-east-2:109846801402:7p4eiid6ch/",
            "id": "yx4vpp",
            "invoke_url": "https://7p4eiid6ch.execute-api.us-east-2.amazonaws.com/",
            "rest_api_id": "7p4eiid6ch",
            "stage_description": null,
            "stage_name": null,
            "triggers": {
              "redeployment": "ea1346fa20bc728dc40a3eeb15d7bb0299abb0d7"
            },
            "variables": null
          },
          "sensitive_attributes": [],
          "private": "bnVsbA==",
          "dependencies": [
            "aws_api_gateway_api_key.spotifysongoftheday_api_key",
            "aws_api_gateway_rest_api.spotifysongoftheday_api",
            "aws_iam_role.spotifysongoftheday_lambda_role",
            "aws_lambda_function.api_handler",
            "aws_s3_bucket.spotifysongoftheday_deployment_bucket"
          ],
          "create_before_destroy": true
        }
      ]
    },
    {
      "mode": "managed",
      "type": "aws_api_gateway_rest_api",
      "name": "spotifysongoftheday_api",
      "provider": "provider[\"registry.terraform.io/hashicorp/aws\"]",
      "instances": [
        {
          "schema_version": 0,
          "attributes": {
            "api_key_source": "HEADER",
            "arn": "arn:aws:apigateway:us-east-2::/restapis/7p4eiid6ch",
            "binary_media_types": [],
            "body": "{\r\n  \"openapi\": \"3.0.1\",\r\n  \"info\": {\r\n    \"title\": \"Spotify Song of the Day\",\r\n    \"version\": \"1.0.0\"\r\n  },\r\n  \"paths\": {\r\n    \"/spotifysongoftheday\": {\r\n      \"get\": {\r\n        \"responses\": {\r\n          \"200\": {\r\n            \"description\": \"A successful response\",\r\n            \"headers\": {\r\n              \"Access-Control-Allow-Origin\": {\r\n                \"schema\": {\r\n                  \"type\": \"string\"\r\n                }\r\n              },\r\n              \"Access-Control-Allow-Methods\": {\r\n                \"schema\": {\r\n                  \"type\": \"string\"\r\n                }\r\n              },\r\n              \"Access-Control-Allow-Headers\": {\r\n                \"schema\": {\r\n                  \"type\": \"string\"\r\n                }\r\n              }\r\n            },\r\n            \"content\": {\r\n              \"application/json\": {\r\n                \"schema\": {\r\n                  \"type\": \"string\"\r\n                }\r\n              }\r\n            }\r\n          }\r\n        },\r\n        \"x-amazon-apigateway-integration\": {\r\n          \"httpMethod\": \"POST\",\r\n          \"uri\": \"arn:aws:apigateway:us-east-2:lambda:path/2015-03-31/functions/arn:aws:lambda:us-east-2:109846801402:function:spotifysongoftheday_api_handler/invocations\",\r\n          \"passthroughBehavior\": \"when_no_match\",\r\n          \"timeoutInMillis\": 29000,\r\n          \"type\": \"aws_proxy\"\r\n        }\r\n      },\r\n      \"post\": {\r\n        \"responses\": {\r\n          \"200\": {\r\n            \"description\": \"A successful response\",\r\n            \"headers\": {\r\n              \"Access-Control-Allow-Origin\": {\r\n                \"schema\": {\r\n                  \"type\": \"string\"\r\n                }\r\n              },\r\n              \"Access-Control-Allow-Methods\": {\r\n                \"schema\": {\r\n                  \"type\": \"string\"\r\n                }\r\n              },\r\n              \"Access-Control-Allow-Headers\": {\r\n                \"schema\": {\r\n                  \"type\": \"string\"\r\n                }\r\n              }\r\n            },\r\n            \"content\": {\r\n              \"application/json\": {\r\n                \"schema\": {\r\n                  \"type\": \"string\"\r\n                }\r\n              }\r\n            }\r\n          }\r\n        },\r\n        \"x-amazon-apigateway-integration\": {\r\n          \"httpMethod\": \"POST\",\r\n          \"uri\": \"arn:aws:apigateway:us-east-2:lambda:path/2015-03-31/functions/arn:aws:lambda:us-east-2:109846801402:function:spotifysongoftheday_api_handler/invocations\",\r\n          \"passthroughBehavior\": \"when_no_match\",\r\n          \"timeoutInMillis\": 29000,\r\n          \"type\": \"aws_proxy\"\r\n        }\r\n      },\r\n      \"options\": {\r\n        \"summary\": \"CORS support\",\r\n        \"description\": \"Enable CORS by returning the correct headers\",\r\n        \"responses\": {\r\n          \"200\": {\r\n            \"description\": \"CORS preflight response\",\r\n            \"headers\": {\r\n              \"Access-Control-Allow-Origin\": {\r\n                \"schema\": {\r\n                  \"type\": \"string\"\r\n                }\r\n              },\r\n              \"Access-Control-Allow-Methods\": {\r\n                \"schema\": {\r\n                  \"type\": \"string\"\r\n                }\r\n              },\r\n              \"Access-Control-Allow-Headers\": {\r\n                \"schema\": {\r\n                  \"type\": \"string\"\r\n                }\r\n              }\r\n            },\r\n            \"content\": {\r\n              \"application/json\": {\r\n                \"schema\": {\r\n                  \"type\": \"string\"\r\n                }\r\n              }\r\n            }\r\n          }\r\n        },\r\n        \"x-amazon-apigateway-integration\": {\r\n          \"httpMethod\": \"POST\",\r\n          \"uri\": \"arn:aws:apigateway:us-east-2:lambda:path/2015-03-31/functions/arn:aws:lambda:us-east-2:109846801402:function:spotifysongoftheday_api_handler/invocations\",\r\n          \"passthroughBehavior\": \"when_no_match\",\r\n          \"timeoutInMillis\": 29000,\r\n          \"type\": \"aws_proxy\"\r\n        }\r\n      }\r\n    }\r\n  }\r\n}\r\n",
            "created_date": "2024-07-29T22:05:59Z",
            "description": "API Gateway for Spotify Song of the Day",
            "disable_execute_api_endpoint": false,
            "endpoint_configuration": [
              {
                "types": [
                  "EDGE"
                ],
                "vpc_endpoint_ids": []
              }
            ],
            "execution_arn": "arn:aws:execute-api:us-east-2:109846801402:7p4eiid6ch",
            "fail_on_warnings": null,
            "id": "7p4eiid6ch",
            "minimum_compression_size": "",
            "name": "SpotifySongOfTheDayAPI",
            "parameters": null,
            "policy": "",
            "put_rest_api_mode": null,
            "root_resource_id": "6ba868vkak",
            "tags": {},
            "tags_all": {
              "service": "spotifysongoftheday"
            }
          },
          "sensitive_attributes": [],
          "private": "bnVsbA==",
          "dependencies": [
            "aws_api_gateway_api_key.spotifysongoftheday_api_key",
            "aws_iam_role.spotifysongoftheday_lambda_role",
            "aws_lambda_function.api_handler",
            "aws_s3_bucket.spotifysongoftheday_deployment_bucket"
          ],
          "create_before_destroy": true
        }
      ]
    },
    {
      "mode": "managed",
      "type": "aws_api_gateway_stage",
      "name": "spotifysongoftheday_api_stage",
      "provider": "provider[\"registry.terraform.io/hashicorp/aws\"]",
      "instances": [
        {
          "schema_version": 0,
          "attributes": {
            "access_log_settings": [],
            "arn": "arn:aws:apigateway:us-east-2::/restapis/7p4eiid6ch/stages/v1",
            "cache_cluster_enabled": false,
            "cache_cluster_size": "",
            "canary_settings": [],
            "client_certificate_id": "",
            "deployment_id": "yx4vpp",
            "description": "",
            "documentation_version": "",
            "execution_arn": "arn:aws:execute-api:us-east-2:109846801402:7p4eiid6ch/v1",
            "id": "ags-7p4eiid6ch-v1",
            "invoke_url": "https://7p4eiid6ch.execute-api.us-east-2.amazonaws.com/v1",
            "rest_api_id": "7p4eiid6ch",
            "stage_name": "v1",
            "tags": {},
            "tags_all": {
              "service": "spotifysongoftheday"
            },
            "variables": {},
            "web_acl_arn": "",
            "xray_tracing_enabled": false
          },
          "sensitive_attributes": [],
          "private": "bnVsbA==",
          "dependencies": [
            "aws_api_gateway_api_key.spotifysongoftheday_api_key",
            "aws_api_gateway_deployment.spotifysongoftheday_api_deployment",
            "aws_api_gateway_rest_api.spotifysongoftheday_api",
            "aws_iam_role.spotifysongoftheday_lambda_role",
            "aws_lambda_function.api_handler",
            "aws_s3_bucket.spotifysongoftheday_deployment_bucket"
          ]
        }
      ]
    },
    {
      "mode": "managed",
      "type": "aws_cloudfront_distribution",
      "name": "s3_distribution",
      "provider": "provider[\"registry.terraform.io/hashicorp/aws\"]",
      "instances": [
        {
          "schema_version": 1,
          "attributes": {
            "aliases": [],
            "arn": "arn:aws:cloudfront::109846801402:distribution/EVDZ1TBX7L3GR",
            "caller_reference": "terraform-20240722215611756800000001",
            "comment": "CloudFront distribution for my S3 bucket",
            "continuous_deployment_policy_id": "",
            "custom_error_response": [
              {
                "error_caching_min_ttl": 300,
                "error_code": 403,
                "response_code": 200,
                "response_page_path": "/index.html"
              },
              {
                "error_caching_min_ttl": 300,
                "error_code": 404,
                "response_code": 200,
                "response_page_path": "/index.html"
              }
            ],
            "default_cache_behavior": [
              {
                "allowed_methods": [
                  "DELETE",
                  "GET",
                  "HEAD",
                  "OPTIONS",
                  "PATCH",
                  "POST",
                  "PUT"
                ],
                "cache_policy_id": "",
                "cached_methods": [
                  "GET",
                  "HEAD"
                ],
                "compress": true,
                "default_ttl": 0,
                "field_level_encryption_id": "",
                "forwarded_values": [
                  {
                    "cookies": [
                      {
                        "forward": "none",
                        "whitelisted_names": []
                      }
                    ],
                    "headers": [],
                    "query_string": false,
                    "query_string_cache_keys": []
                  }
                ],
                "function_association": [],
                "lambda_function_association": [],
                "max_ttl": 0,
                "min_ttl": 0,
                "origin_request_policy_id": "",
                "realtime_log_config_arn": "",
                "response_headers_policy_id": "",
                "smooth_streaming": false,
                "target_origin_id": "E3QER801GYBDKS",
                "trusted_key_groups": [],
                "trusted_signers": [],
                "viewer_protocol_policy": "https-only"
              }
            ],
            "default_root_object": "index.html",
            "domain_name": "d2fd856v8ttd1y.cloudfront.net",
            "enabled": true,
            "etag": "E2NTX9BFGJ11I8",
            "hosted_zone_id": "Z2FDTNDATAQYW2",
            "http_version": "http2",
            "id": "EVDZ1TBX7L3GR",
            "in_progress_validation_batches": 0,
            "is_ipv6_enabled": true,
            "last_modified_time": "2024-08-14 17:07:17.652 +0000 UTC",
            "logging_config": [],
            "ordered_cache_behavior": [],
            "origin": [
              {
                "connection_attempts": 3,
                "connection_timeout": 10,
                "custom_header": [],
                "custom_origin_config": [],
                "domain_name": "spotify-song-of-the-day-deployment-bucket.s3.amazonaws.com",
                "origin_access_control_id": "",
                "origin_id": "E3QER801GYBDKS",
                "origin_path": "",
                "origin_shield": [],
                "s3_origin_config": [
                  {
                    "origin_access_identity": "origin-access-identity/cloudfront/E3QER801GYBDKS"
                  }
                ]
              }
            ],
            "origin_group": [],
            "price_class": "PriceClass_All",
            "restrictions": [
              {
                "geo_restriction": [
                  {
                    "locations": [],
                    "restriction_type": "none"
                  }
                ]
              }
            ],
            "retain_on_delete": false,
            "staging": false,
            "status": "Deployed",
            "tags": {
              "Name": "S3-CloudFront-Distribution"
            },
            "tags_all": {
              "Name": "S3-CloudFront-Distribution",
              "service": "spotifysongoftheday"
            },
            "trusted_key_groups": [
              {
                "enabled": false,
                "items": []
              }
            ],
            "trusted_signers": [
              {
                "enabled": false,
                "items": []
              }
            ],
            "viewer_certificate": [
              {
                "acm_certificate_arn": "",
                "cloudfront_default_certificate": true,
                "iam_certificate_id": "",
                "minimum_protocol_version": "TLSv1",
                "ssl_support_method": ""
              }
            ],
            "wait_for_deployment": true,
            "web_acl_id": ""
          },
          "sensitive_attributes": [],
          "private": "eyJzY2hlbWFfdmVyc2lvbiI6IjEifQ==",
          "dependencies": [
            "aws_cloudfront_origin_access_identity.ui_origin_id_new",
            "aws_s3_bucket.spotifysongoftheday_deployment_bucket"
          ]
        }
      ]
    },
    {
      "mode": "managed",
      "type": "aws_cloudfront_origin_access_identity",
      "name": "ui_origin_id_new",
      "provider": "provider[\"registry.terraform.io/hashicorp/aws\"]",
      "instances": [
        {
          "schema_version": 0,
          "attributes": {
            "caller_reference": "terraform-20240715152123078700000001",
            "cloudfront_access_identity_path": "origin-access-identity/cloudfront/E3QER801GYBDKS",
            "comment": "origin-access-id-for-spotifysongoftheday",
            "etag": "EFLG9RKLQRQAX",
            "iam_arn": "arn:aws:iam::cloudfront:user/CloudFront Origin Access Identity E3QER801GYBDKS",
            "id": "E3QER801GYBDKS",
            "s3_canonical_user_id": "b100c1c3a170a7103addf6f53a088731dfb1b18bdf6730237d5eee22cbad8a53f00e353ff3e17f84abefdf2db0ac6fe5"
          },
          "sensitive_attributes": [],
          "private": "bnVsbA=="
        }
      ]
    },
    {
      "mode": "managed",
      "type": "aws_dynamodb_table",
      "name": "spotify_songs_of_the_day",
      "provider": "provider[\"registry.terraform.io/hashicorp/aws\"]",
      "instances": [
        {
          "schema_version": 1,
          "attributes": {
            "arn": "arn:aws:dynamodb:us-east-2:109846801402:table/SpotifySongsOfTheDay",
            "attribute": [
              {
                "name": "URI",
                "type": "S"
              },
              {
                "name": "username",
                "type": "S"
              }
            ],
            "billing_mode": "PAY_PER_REQUEST",
            "deletion_protection_enabled": false,
            "global_secondary_index": [],
            "hash_key": "username",
            "id": "SpotifySongsOfTheDay",
            "import_table": [],
            "local_secondary_index": [],
            "name": "SpotifySongsOfTheDay",
            "point_in_time_recovery": [
              {
                "enabled": false
              }
            ],
            "range_key": "URI",
            "read_capacity": 0,
            "replica": [],
            "restore_date_time": null,
            "restore_source_name": null,
            "restore_to_latest_time": null,
            "server_side_encryption": [],
            "stream_arn": "",
            "stream_enabled": false,
            "stream_label": "",
            "stream_view_type": "",
            "table_class": "STANDARD",
            "tags": {
              "Environment": "Production",
              "Name": "SpotifySongsOfTheDay"
            },
            "tags_all": {
              "Environment": "Production",
              "Name": "SpotifySongsOfTheDay",
              "service": "spotifysongoftheday"
            },
            "timeouts": null,
            "ttl": [
              {
                "attribute_name": "",
                "enabled": false
              }
            ],
            "write_capacity": 0
          },
          "sensitive_attributes": [],
          "private": "eyJlMmJmYjczMC1lY2FhLTExZTYtOGY4OC0zNDM2M2JjN2M0YzAiOnsiY3JlYXRlIjoxODAwMDAwMDAwMDAwLCJkZWxldGUiOjYwMDAwMDAwMDAwMCwidXBkYXRlIjozNjAwMDAwMDAwMDAwfSwic2NoZW1hX3ZlcnNpb24iOiIxIn0="
        }
      ]
    },
    {
      "mode": "managed",
      "type": "aws_iam_role",
      "name": "spotifysongoftheday_lambda_role",
      "provider": "provider[\"registry.terraform.io/hashicorp/aws\"]",
      "instances": [
        {
          "schema_version": 0,
          "attributes": {
            "arn": "arn:aws:iam::109846801402:role/spotifysongoftheday_lambda_role",
            "assume_role_policy": "{\"Statement\":[{\"Action\":\"sts:AssumeRole\",\"Effect\":\"Allow\",\"Principal\":{\"Service\":[\"apigateway.amazonaws.com\",\"lambda.amazonaws.com\"]},\"Sid\":\"\"}],\"Version\":\"2012-10-17\"}",
            "create_date": "2024-07-29T21:47:06Z",
            "description": "",
            "force_detach_policies": false,
            "id": "spotifysongoftheday_lambda_role",
            "inline_policy": [
              {
                "name": "spotifysongoftheday_lambda_policy",
                "policy": "{\"Version\":\"2012-10-17\",\"Statement\":[{\"Action\":[\"apigateway:*\",\"cloudwatch:*\",\"lambda:*\",\"logs:*\",\"dynamodb:*\",\"iam:PassRole\",\"sts:GetCallerIdentity\",\"sts:GetServiceBearerToken\",\"sts:SetSourceIdentity\",\"sts:TagSession\"],\"Effect\":\"Allow\",\"Resource\":\"*\"}]}"
              }
            ],
            "managed_policy_arns": [],
            "max_session_duration": 3600,
            "name": "spotifysongoftheday_lambda_role",
            "name_prefix": "",
            "path": "/",
            "permissions_boundary": "",
            "tags": {},
            "tags_all": {
              "service": "spotifysongoftheday"
            },
            "unique_id": "AROARTE3BFP5NIQTDF7IS"
          },
          "sensitive_attributes": [],
          "private": "bnVsbA==",
          "dependencies": [
            "aws_s3_bucket.spotifysongoftheday_deployment_bucket"
          ],
          "create_before_destroy": true
        }
      ]
    },
    {
      "mode": "managed",
      "type": "aws_iam_role_policy",
      "name": "spotifysongoftheday_lambda_policy",
      "provider": "provider[\"registry.terraform.io/hashicorp/aws\"]",
      "instances": [
        {
          "schema_version": 0,
          "attributes": {
            "id": "spotifysongoftheday_lambda_role:spotifysongoftheday_lambda_policy",
            "name": "spotifysongoftheday_lambda_policy",
            "name_prefix": "",
            "policy": "{\"Version\":\"2012-10-17\",\"Statement\":[{\"Action\":[\"apigateway:*\",\"cloudwatch:*\",\"lambda:*\",\"logs:*\",\"dynamodb:*\",\"iam:PassRole\",\"sts:GetCallerIdentity\",\"sts:GetServiceBearerToken\",\"sts:SetSourceIdentity\",\"sts:TagSession\"],\"Effect\":\"Allow\",\"Resource\":\"*\"}]}",
            "role": "spotifysongoftheday_lambda_role"
          },
          "sensitive_attributes": [],
          "private": "bnVsbA==",
          "dependencies": [
            "aws_iam_role.spotifysongoftheday_lambda_role",
            "aws_s3_bucket.spotifysongoftheday_deployment_bucket"
          ]
        }
      ]
    },
    {
      "mode": "managed",
      "type": "aws_lambda_function",
      "name": "api_handler",
      "provider": "provider[\"registry.terraform.io/hashicorp/aws\"]",
      "instances": [
        {
          "schema_version": 0,
          "attributes": {
            "architectures": [
              "x86_64"
            ],
            "arn": "arn:aws:lambda:us-east-2:109846801402:function:spotifysongoftheday_api_handler",
            "code_sha256": "KMCY54gqz/6qfjhrMS1nNZ0A2LqWrh5Jyctap+/tFYk=",
            "code_signing_config_arn": "",
            "dead_letter_config": [],
            "description": "",
            "environment": [],
            "ephemeral_storage": [
              {
                "size": 512
              }
            ],
            "file_system_config": [],
            "filename": "../backend/api_handler_source.zip",
            "function_name": "spotifysongoftheday_api_handler",
            "handler": "api_handler.lambda_handler",
            "id": "spotifysongoftheday_api_handler",
            "image_config": [],
            "image_uri": "",
            "invoke_arn": "arn:aws:apigateway:us-east-2:lambda:path/2015-03-31/functions/arn:aws:lambda:us-east-2:109846801402:function:spotifysongoftheday_api_handler/invocations",
            "kms_key_arn": "",
            "last_modified": "2024-08-19T20:35:20.000+0000",
            "layers": [],
            "logging_config": [
              {
                "application_log_level": "",
                "log_format": "Text",
                "log_group": "/aws/lambda/spotifysongoftheday_api_handler",
                "system_log_level": ""
              }
            ],
            "memory_size": 128,
            "package_type": "Zip",
            "publish": true,
            "qualified_arn": "arn:aws:lambda:us-east-2:109846801402:function:spotifysongoftheday_api_handler:12",
            "qualified_invoke_arn": "arn:aws:apigateway:us-east-2:lambda:path/2015-03-31/functions/arn:aws:lambda:us-east-2:109846801402:function:spotifysongoftheday_api_handler:12/invocations",
            "replace_security_groups_on_destroy": null,
            "replacement_security_group_ids": null,
            "reserved_concurrent_executions": -1,
            "role": "arn:aws:iam::109846801402:role/spotifysongoftheday_lambda_role",
            "runtime": "python3.12",
            "s3_bucket": null,
            "s3_key": null,
            "s3_object_version": null,
            "signing_job_arn": "",
            "signing_profile_version_arn": "",
            "skip_destroy": false,
            "snap_start": [],
            "source_code_hash": "KMCY54gqz/6qfjhrMS1nNZ0A2LqWrh5Jyctap+/tFYk=",
            "source_code_size": 30523207,
            "tags": {},
            "tags_all": {
              "service": "spotifysongoftheday"
            },
            "timeout": 30,
            "timeouts": null,
            "tracing_config": [
              {
                "mode": "PassThrough"
              }
            ],
            "version": "12",
            "vpc_config": []
          },
          "sensitive_attributes": [],
          "private": "eyJlMmJmYjczMC1lY2FhLTExZTYtOGY4OC0zNDM2M2JjN2M0YzAiOnsiY3JlYXRlIjo2MDAwMDAwMDAwMDAsImRlbGV0ZSI6NjAwMDAwMDAwMDAwLCJ1cGRhdGUiOjYwMDAwMDAwMDAwMH19",
          "dependencies": [
            "aws_api_gateway_api_key.spotifysongoftheday_api_key",
            "aws_iam_role.spotifysongoftheday_lambda_role",
            "aws_s3_bucket.spotifysongoftheday_deployment_bucket"
          ],
          "create_before_destroy": true
        }
      ]
    },
    {
      "mode": "managed",
      "type": "aws_lambda_permission",
      "name": "api_handler_gw_invoke",
      "provider": "provider[\"registry.terraform.io/hashicorp/aws\"]",
      "instances": [
        {
          "schema_version": 0,
          "attributes": {
            "action": "lambda:InvokeFunction",
            "event_source_token": null,
            "function_name": "spotifysongoftheday_api_handler",
            "function_url_auth_type": null,
            "id": "AllowAPIGatewayInvoke",
            "principal": "apigateway.amazonaws.com",
            "principal_org_id": null,
            "qualifier": "",
            "source_account": null,
            "source_arn": "arn:aws:execute-api:us-east-2:109846801402:7p4eiid6ch/*/*/*",
            "statement_id": "AllowAPIGatewayInvoke",
            "statement_id_prefix": ""
          },
          "sensitive_attributes": [],
          "private": "bnVsbA==",
          "dependencies": [
            "aws_api_gateway_api_key.spotifysongoftheday_api_key",
            "aws_api_gateway_deployment.spotifysongoftheday_api_deployment",
            "aws_api_gateway_rest_api.spotifysongoftheday_api",
            "aws_iam_role.spotifysongoftheday_lambda_role",
            "aws_lambda_function.api_handler",
            "aws_s3_bucket.spotifysongoftheday_deployment_bucket"
          ]
        }
      ]
    },
    {
      "mode": "managed",
      "type": "aws_s3_bucket",
      "name": "spotifysongoftheday_deployment_bucket",
      "provider": "provider[\"registry.terraform.io/hashicorp/aws\"]",
      "instances": [
        {
          "schema_version": 0,
          "attributes": {
            "acceleration_status": "",
            "acl": null,
            "arn": "arn:aws:s3:::spotify-song-of-the-day-deployment-bucket",
            "bucket": "spotify-song-of-the-day-deployment-bucket",
            "bucket_domain_name": "spotify-song-of-the-day-deployment-bucket.s3.amazonaws.com",
            "bucket_prefix": "",
            "bucket_regional_domain_name": "spotify-song-of-the-day-deployment-bucket.s3.us-east-2.amazonaws.com",
            "cors_rule": [],
            "force_destroy": false,
            "grant": [
              {
                "id": "a1cb6f30427a613f755192e9cc956dfec40b70b0de20241c0cd1012d2d5d8eb5",
                "permissions": [
                  "FULL_CONTROL"
                ],
                "type": "CanonicalUser",
                "uri": ""
              }
            ],
            "hosted_zone_id": "Z2O1EMRO9K5GLX",
            "id": "spotify-song-of-the-day-deployment-bucket",
            "lifecycle_rule": [],
            "logging": [],
            "object_lock_configuration": [],
            "object_lock_enabled": false,
            "policy": "{\"Statement\":[{\"Action\":\"s3:GetObject\",\"Effect\":\"Allow\",\"Principal\":{\"AWS\":\"arn:aws:iam::cloudfront:user/CloudFront Origin Access Identity E3QER801GYBDKS\"},\"Resource\":\"arn:aws:s3:::spotify-song-of-the-day-deployment-bucket/*\"}],\"Version\":\"2012-10-17\"}",
            "region": "us-east-2",
            "replication_configuration": [],
            "request_payer": "BucketOwner",
            "server_side_encryption_configuration": [
              {
                "rule": [
                  {
                    "apply_server_side_encryption_by_default": [
                      {
                        "kms_master_key_id": "",
                        "sse_algorithm": "AES256"
                      }
                    ],
                    "bucket_key_enabled": false
                  }
                ]
              }
            ],
            "tags": {
              "Name": "Spotify Song of the Day Deployment Bucket",
              "service": "spotifysongoftheday"
            },
            "tags_all": {
              "Name": "Spotify Song of the Day Deployment Bucket",
              "service": "spotifysongoftheday"
            },
            "timeouts": null,
            "versioning": [
              {
                "enabled": false,
                "mfa_delete": false
              }
            ],
            "website": [
              {
                "error_document": "index.html",
                "index_document": "index.html",
                "redirect_all_requests_to": "",
                "routing_rules": ""
              }
            ],
            "website_domain": "s3-website.us-east-2.amazonaws.com",
            "website_endpoint": "spotify-song-of-the-day-deployment-bucket.s3-website.us-east-2.amazonaws.com"
          },
          "sensitive_attributes": [],
          "private": "eyJlMmJmYjczMC1lY2FhLTExZTYtOGY4OC0zNDM2M2JjN2M0YzAiOnsiY3JlYXRlIjoxMjAwMDAwMDAwMDAwLCJkZWxldGUiOjM2MDAwMDAwMDAwMDAsInJlYWQiOjEyMDAwMDAwMDAwMDAsInVwZGF0ZSI6MTIwMDAwMDAwMDAwMH19",
          "create_before_destroy": true
        }
      ]
    },
    {
      "mode": "managed",
      "type": "aws_s3_bucket_policy",
      "name": "public_bucket_policy",
      "provider": "provider[\"registry.terraform.io/hashicorp/aws\"]",
      "instances": [
        {
          "schema_version": 0,
          "attributes": {
            "bucket": "spotify-song-of-the-day-deployment-bucket",
            "id": "spotify-song-of-the-day-deployment-bucket",
            "policy": "{\"Statement\":[{\"Action\":\"s3:GetObject\",\"Effect\":\"Allow\",\"Principal\":{\"AWS\":\"arn:aws:iam::cloudfront:user/CloudFront Origin Access Identity E3QER801GYBDKS\"},\"Resource\":\"arn:aws:s3:::spotify-song-of-the-day-deployment-bucket/*\"}],\"Version\":\"2012-10-17\"}"
          },
          "sensitive_attributes": [],
          "private": "bnVsbA==",
          "dependencies": [
            "aws_cloudfront_origin_access_identity.ui_origin_id_new",
            "aws_s3_bucket.spotifysongoftheday_deployment_bucket"
          ]
        }
      ]
    },
    {
      "mode": "managed",
      "type": "aws_s3_bucket_public_access_block",
      "name": "website_bucket_public_access",
      "provider": "provider[\"registry.terraform.io/hashicorp/aws\"]",
      "instances": [
        {
          "schema_version": 0,
          "attributes": {
            "block_public_acls": false,
            "block_public_policy": false,
            "bucket": "spotify-song-of-the-day-deployment-bucket",
            "id": "spotify-song-of-the-day-deployment-bucket",
            "ignore_public_acls": false,
            "restrict_public_buckets": false
          },
          "sensitive_attributes": [],
          "private": "bnVsbA==",
          "dependencies": [
            "aws_s3_bucket.spotifysongoftheday_deployment_bucket"
          ]
        }
      ]
    },
    {
      "mode": "managed",
      "type": "aws_s3_bucket_website_configuration",
      "name": "website_configuration",
      "provider": "provider[\"registry.terraform.io/hashicorp/aws\"]",
      "instances": [
        {
          "schema_version": 0,
          "attributes": {
            "bucket": "spotify-song-of-the-day-deployment-bucket",
            "error_document": [
              {
                "key": "index.html"
              }
            ],
            "expected_bucket_owner": "",
            "id": "spotify-song-of-the-day-deployment-bucket",
            "index_document": [
              {
                "suffix": "index.html"
              }
            ],
            "redirect_all_requests_to": [],
            "routing_rule": [],
            "routing_rules": "",
            "website_domain": "s3-website.us-east-2.amazonaws.com",
            "website_endpoint": "spotify-song-of-the-day-deployment-bucket.s3-website.us-east-2.amazonaws.com"
          },
          "sensitive_attributes": [],
          "private": "bnVsbA==",
          "dependencies": [
            "aws_s3_bucket.spotifysongoftheday_deployment_bucket"
          ]
        }
      ]
    },
    {
      "mode": "managed",
      "type": "null_resource",
      "name": "upload_site_to_s3_bucket",
      "provider": "provider[\"registry.terraform.io/hashicorp/null\"]",
      "instances": [
        {
          "schema_version": 0,
          "attributes": {
            "id": "66128814",
            "triggers": {
              "always_run": "2024-08-19T21:55:58Z"
            }
          },
          "sensitive_attributes": [],
          "dependencies": [
            "aws_cloudfront_distribution.s3_distribution",
            "aws_cloudfront_origin_access_identity.ui_origin_id_new",
            "aws_s3_bucket.spotifysongoftheday_deployment_bucket"
          ]
        }
      ]
    }
  ],
  "check_results": null
}
